
Microsoft Visual Studio Solution File, Format Version 12.00
# Visual Studio Version 17
VisualStudioVersion = 17.5.33424.131
MinimumVisualStudioVersion = 10.0.40219.1
Project("{FAE04EC0-301F-11D3-BF4B-00C04F79EFBC}") = "Assignment 1", "Assignment 1\Assignment 1.csproj", "{1282B1CF-B961-429A-9835-ECB0C65D5FBC}"
EndProject
Global
	GlobalSection(SolutionConfigurationPlatforms) = preSolution
		Debug|Any CPU = Debug|Any CPU
		Release|Any CPU = Release|Any CPU
	EndGlobalSection
	GlobalSection(ProjectConfigurationPlatforms) = postSolution
		{1282B1CF-B961-429A-9835-ECB0C65D5FBC}.Debug|Any CPU.ActiveCfg = Debug|Any CPU
		{1282B1CF-B961-429A-9835-ECB0C65D5FBC}.Debug|Any CPU.Build.0 = Debug|Any CPU
		{1282B1CF-B961-429A-9835-ECB0C65D5FBC}.Release|Any CPU.ActiveCfg = Release|Any CPU
		{1282B1CF-B961-429A-9835-ECB0C65D5FBC}.Release|Any CPU.Build.0 = Release|Any CPU
	EndGlobalSection
	GlobalSection(SolutionProperties) = preSolution
		HideSolutionNode = FALSE
	EndGlobalSection
	GlobalSection(ExtensibilityGlobals) = postSolution
		SolutionGuid = {DBE7100F-3343-45FC-9B7F-890E0AF7A547}
	EndGlobalSection
EndGlobal
