
Microsoft Visual Studio Solution File, Format Version 12.00
# Visual Studio Version 17
VisualStudioVersion = 17.5.33424.131
MinimumVisualStudioVersion = 10.0.40219.1
Project("{FAE04EC0-301F-11D3-BF4B-00C04F79EFBC}") = "Assignment4Ex10", "Assignment4Ex10\Assignment4Ex10.csproj", "{74EAF011-A6AB-4A07-8D6B-6BFE30CD67AC}"
EndProject
Global
	GlobalSection(SolutionConfigurationPlatforms) = preSolution
		Debug|Any CPU = Debug|Any CPU
		Release|Any CPU = Release|Any CPU
	EndGlobalSection
	GlobalSection(ProjectConfigurationPlatforms) = postSolution
		{74EAF011-A6AB-4A07-8D6B-6BFE30CD67AC}.Debug|Any CPU.ActiveCfg = Debug|Any CPU
		{74EAF011-A6AB-4A07-8D6B-6BFE30CD67AC}.Debug|Any CPU.Build.0 = Debug|Any CPU
		{74EAF011-A6AB-4A07-8D6B-6BFE30CD67AC}.Release|Any CPU.ActiveCfg = Release|Any CPU
		{74EAF011-A6AB-4A07-8D6B-6BFE30CD67AC}.Release|Any CPU.Build.0 = Release|Any CPU
	EndGlobalSection
	GlobalSection(SolutionProperties) = preSolution
		HideSolutionNode = FALSE
	EndGlobalSection
	GlobalSection(ExtensibilityGlobals) = postSolution
		SolutionGuid = {C6574D06-E4A9-48E5-BD46-C5169AA227BD}
	EndGlobalSection
EndGlobal
